
Microsoft Visual Studio Solution File, Format Version 12.00
# Visual Studio 15
VisualStudioVersion = 15.0.27130.2010
MinimumVisualStudioVersion = 10.0.40219.1
Project("{FAE04EC0-301F-11D3-BF4B-00C04F79EFBC}") = "Task 2", "Task 2\Task 2.csproj", "{A1FBBBC9-2FD4-46FD-AF4B-20E7CE2D0FB6}"
EndProject
Global
	GlobalSection(SolutionConfigurationPlatforms) = preSolution
		Debug|Any CPU = Debug|Any CPU
		Release|Any CPU = Release|Any CPU
	EndGlobalSection
	GlobalSection(ProjectConfigurationPlatforms) = postSolution
		{A1FBBBC9-2FD4-46FD-AF4B-20E7CE2D0FB6}.Debug|Any CPU.ActiveCfg = Debug|Any CPU
		{A1FBBBC9-2FD4-46FD-AF4B-20E7CE2D0FB6}.Debug|Any CPU.Build.0 = Debug|Any CPU
		{A1FBBBC9-2FD4-46FD-AF4B-20E7CE2D0FB6}.Release|Any CPU.ActiveCfg = Release|Any CPU
		{A1FBBBC9-2FD4-46FD-AF4B-20E7CE2D0FB6}.Release|Any CPU.Build.0 = Release|Any CPU
	EndGlobalSection
	GlobalSection(SolutionProperties) = preSolution
		HideSolutionNode = FALSE
	EndGlobalSection
	GlobalSection(ExtensibilityGlobals) = postSolution
		SolutionGuid = {B47DEDA9-9EF2-4C5C-9A2C-C5CEEF56BCA7}
	EndGlobalSection
EndGlobal
